
Microsoft Visual Studio Solution File, Format Version 12.00
# Visual Studio Version 17
VisualStudioVersion = 17.11.35103.136
MinimumVisualStudioVersion = 10.0.40219.1
Project("{9A19103F-16F7-4668-BE54-9A1E7A4F7556}") = "ChatAppBlazor", "ChatAppBlazor.csproj", "{D0AA13EB-83E3-47E4-80F9-8BDAC331815A}"
EndProject
Global
	GlobalSection(SolutionConfigurationPlatforms) = preSolution
		Debug|Any CPU = Debug|Any CPU
		Release|Any CPU = Release|Any CPU
	EndGlobalSection
	GlobalSection(ProjectConfigurationPlatforms) = postSolution
		{D0AA13EB-83E3-47E4-80F9-8BDAC331815A}.Debug|Any CPU.ActiveCfg = Debug|Any CPU
		{D0AA13EB-83E3-47E4-80F9-8BDAC331815A}.Debug|Any CPU.Build.0 = Debug|Any CPU
		{D0AA13EB-83E3-47E4-80F9-8BDAC331815A}.Release|Any CPU.ActiveCfg = Release|Any CPU
		{D0AA13EB-83E3-47E4-80F9-8BDAC331815A}.Release|Any CPU.Build.0 = Release|Any CPU
	EndGlobalSection
	GlobalSection(SolutionProperties) = preSolution
		HideSolutionNode = FALSE
	EndGlobalSection
	GlobalSection(ExtensibilityGlobals) = postSolution
		SolutionGuid = {124D524F-80F3-4947-A876-A47F71F181DB}
	EndGlobalSection
EndGlobal
